{
  "name": "knp_213",
  "lockfileVersion": 3,
  "requires": true,
  "packages": {
    "": {
      "dependencies": {
        "uuid": "^11.0.1"
      }
    },
    "node_modules/uuid": {
      "version": "11.0.1",
      "resolved": "https://registry.npmjs.org/uuid/-/uuid-11.0.1.tgz",
      "integrity": "sha512-wt9UB5EcLhnboy1UvA1mvGPXkIIrHSu+3FmUksARfdVw9tuPf3CH/CohxO0Su1ApoKAeT6BVzAJIvjTuQVSmuQ==",
      "funding": [
        "https://github.com/sponsors/broofa",
        "https://github.com/sponsors/ctavan"
      ],
      "license": "MIT",
      "bin": {
        "uuid": "dist/esm/bin/uuid"
      }
    }
  }
}
